Microsoft Visual Studio Solution File, Format Version 12.00
# Visual Studio Version 17
VisualStudioVersion = 17.0.31903.59
MinimumVisualStudioVersion = 10.0.40219.1
Project("{FAE04EC0-301F-11D3-BF4B-00C04F79EFBC}") = "Lab31", "Lab31/Lab31.csproj", "{ADFAA8BA-82B1-4F7C-997B-CBC0F3E2FB4D}"
EndProject
Project("{FAE04EC0-301F-11D3-BF4B-00C04F79EFBC}") = "Lab31.Domain", "Lab31.Domain/Lab31.Domain.csproj", "{6B1FE342-AAB8-4A4C-9B91-983A57F3D37B}"
EndProject
Project("{FAE04EC0-301F-11D3-BF4B-00C04F79EFBC}") = "Lab31.FileStorage", "Lab31.FileStorage/Lab31.FileStorage.csproj", "{EADCCC99-7D0E-4C0C-920D-D097C2896245}"
EndProject
Global
	GlobalSection(SolutionConfigurationPlatforms) = preSolution
		Debug|Any CPU = Debug|Any CPU
		Release|Any CPU = Release|Any CPU
	EndGlobalSection
	GlobalSection(ProjectConfigurationPlatforms) = postSolution
		{ADFAA8BA-82B1-4F7C-997B-CBC0F3E2FB4D}.Debug|Any CPU.ActiveCfg = Debug|Any CPU
		{ADFAA8BA-82B1-4F7C-997B-CBC0F3E2FB4D}.Debug|Any CPU.Build.0 = Debug|Any CPU
		{ADFAA8BA-82B1-4F7C-997B-CBC0F3E2FB4D}.Release|Any CPU.ActiveCfg = Release|Any CPU
		{ADFAA8BA-82B1-4F7C-997B-CBC0F3E2FB4D}.Release|Any CPU.Build.0 = Release|Any CPU
		{6B1FE342-AAB8-4A4C-9B91-983A57F3D37B}.Debug|Any CPU.ActiveCfg = Debug|Any CPU
		{6B1FE342-AAB8-4A4C-9B91-983A57F3D37B}.Debug|Any CPU.Build.0 = Debug|Any CPU
		{6B1FE342-AAB8-4A4C-9B91-983A57F3D37B}.Release|Any CPU.Build.0 = Release|Any CPU
		{6B1FE342-AAB8-4A4C-9B91-983A57F3D37B}.Release|Any CPU.ActiveCfg = Release|Any CPU
		{EADCCC99-7D0E-4C0C-920D-D097C2896245}.Debug|Any CPU.ActiveCfg = Debug|Any CPU
		{EADCCC99-7D0E-4C0C-920D-D097C2896245}.Debug|Any CPU.Build.0 = Debug|Any CPU
		{EADCCC99-7D0E-4C0C-920D-D097C2896245}.Release|Any CPU.ActiveCfg = Release|Any CPU
		{EADCCC99-7D0E-4C0C-920D-D097C2896245}.Release|Any CPU.Build.0 = Release|Any CPU
	EndGlobalSection
EndGlobal
